
Microsoft Visual Studio Solution File, Format Version 12.00
# Visual Studio 15
VisualStudioVersion = 15.0.27703.2042
MinimumVisualStudioVersion = 10.0.40219.1
Project("{FAE04EC0-301F-11D3-BF4B-00C04F79EFBC}") = "AstroMap", "AstroMap\AstroMap.csproj", "{9799D418-E9D2-46A4-B7B4-288EF03C065B}"
EndProject
Global
	GlobalSection(SolutionConfigurationPlatforms) = preSolution
		Debug|Any CPU = Debug|Any CPU
		Release|Any CPU = Release|Any CPU
	EndGlobalSection
	GlobalSection(ProjectConfigurationPlatforms) = postSolution
		{9799D418-E9D2-46A4-B7B4-288EF03C065B}.Debug|Any CPU.ActiveCfg = Debug|Any CPU
		{9799D418-E9D2-46A4-B7B4-288EF03C065B}.Debug|Any CPU.Build.0 = Debug|Any CPU
		{9799D418-E9D2-46A4-B7B4-288EF03C065B}.Release|Any CPU.ActiveCfg = Release|Any CPU
		{9799D418-E9D2-46A4-B7B4-288EF03C065B}.Release|Any CPU.Build.0 = Release|Any CPU
	EndGlobalSection
	GlobalSection(SolutionProperties) = preSolution
		HideSolutionNode = FALSE
	EndGlobalSection
	GlobalSection(ExtensibilityGlobals) = postSolution
		SolutionGuid = {8B7336EB-FEAD-4817-A7EB-71FD285FD302}
	EndGlobalSection
EndGlobal
